
Microsoft Visual Studio Solution File, Format Version 12.00
# Visual Studio 15
VisualStudioVersion = 15.0.27703.2026
MinimumVisualStudioVersion = 10.0.40219.1
Project("{9A19103F-16F7-4668-BE54-9A1E7A4F7556}") = "AppController", "AppController.csproj", "{4D9BCEB6-223C-4E9B-AD38-D7C1C75333EC}"
EndProject
Global
	GlobalSection(SolutionConfigurationPlatforms) = preSolution
		Debug|Any CPU = Debug|Any CPU
		Release|Any CPU = Release|Any CPU
	EndGlobalSection
	GlobalSection(ProjectConfigurationPlatforms) = postSolution
		{4D9BCEB6-223C-4E9B-AD38-D7C1C75333EC}.Debug|Any CPU.ActiveCfg = Debug|Any CPU
		{4D9BCEB6-223C-4E9B-AD38-D7C1C75333EC}.Debug|Any CPU.Build.0 = Debug|Any CPU
		{4D9BCEB6-223C-4E9B-AD38-D7C1C75333EC}.Release|Any CPU.ActiveCfg = Release|Any CPU
		{4D9BCEB6-223C-4E9B-AD38-D7C1C75333EC}.Release|Any CPU.Build.0 = Release|Any CPU
	EndGlobalSection
	GlobalSection(SolutionProperties) = preSolution
		HideSolutionNode = FALSE
	EndGlobalSection
	GlobalSection(ExtensibilityGlobals) = postSolution
		SolutionGuid = {09EFF165-90CD-44DB-9456-7D2F9DB46568}
	EndGlobalSection
EndGlobal
